
Microsoft Visual Studio Solution File, Format Version 12.00
# Visual Studio 15
Project("{FAE04EC0-301F-11D3-BF4B-00C04F79EFBC}") = "Assembly-CSharp", "Assembly-CSharp.csproj", "{896D5220-9E3D-B664-A651-27091BD89A01}"
EndProject
Project("{FAE04EC0-301F-11D3-BF4B-00C04F79EFBC}") = "Assembly-CSharp-Editor", "Assembly-CSharp-Editor.csproj", "{7408E022-34F0-6A54-1AED-D73EB7A7E0BE}"
EndProject
Global
	GlobalSection(SolutionConfigurationPlatforms) = preSolution
		Debug|Any CPU = Debug|Any CPU
		Release|Any CPU = Release|Any CPU
	EndGlobalSection
	GlobalSection(ProjectConfigurationPlatforms) = postSolution
		{896D5220-9E3D-B664-A651-27091BD89A01}.Debug|Any CPU.ActiveCfg = Debug|Any CPU
		{896D5220-9E3D-B664-A651-27091BD89A01}.Debug|Any CPU.Build.0 = Debug|Any CPU
		{896D5220-9E3D-B664-A651-27091BD89A01}.Release|Any CPU.ActiveCfg = Release|Any CPU
		{896D5220-9E3D-B664-A651-27091BD89A01}.Release|Any CPU.Build.0 = Release|Any CPU
		{7408E022-34F0-6A54-1AED-D73EB7A7E0BE}.Debug|Any CPU.ActiveCfg = Debug|Any CPU
		{7408E022-34F0-6A54-1AED-D73EB7A7E0BE}.Debug|Any CPU.Build.0 = Debug|Any CPU
		{7408E022-34F0-6A54-1AED-D73EB7A7E0BE}.Release|Any CPU.ActiveCfg = Release|Any CPU
		{7408E022-34F0-6A54-1AED-D73EB7A7E0BE}.Release|Any CPU.Build.0 = Release|Any CPU
	EndGlobalSection
	GlobalSection(SolutionProperties) = preSolution
		HideSolutionNode = FALSE
	EndGlobalSection
EndGlobal
